github.com/alecthomas/log4go v0.0.0-20180109082532-d146e6b86faa h1:0zdYOLyuQ3TWIgWNgEH+LnmZNMmkO1ze3wriQt093Mk=
github.com/alecthomas/log4go v0.0.0-20180109082532-d146e6b86faa/go.mod h1:iCVmQ9g4TfaRX5m5jq5sXY7RXYWPv9/PynM/GocbG3w=
github.com/alexmullins/zip v0.0.0-20180717182244-4affb64b04d0 h1:BVts5dexXf4i+JX8tXlKT0aKoi38JwTXSe+3WUneX0k=
github.com/alexmullins/zip v0.0.0-20180717182244-4affb64b04d0/go.mod h1:FDIQmoMNJJl5/k7upZEnGvgWVZfFeE6qHeN7iCMbCsA=
github.com/fire988/log4go v0.0.0-20190924034559-aa7a7d1ff3dd h1:BUNEjN5T7r4Uqer8mbrcDZgkygl//Rptd2GXPO4cUNw=
github.com/fire988/log4go v0.0.0-20190924034559-aa7a7d1ff3dd/go.mod h1:KWAaGGt8r27fg2pLDtLrXxmiyF30mh2GGXSyh4PIFyM=
github.com/fire988/utils v0.0.0-20190427233740-735e9ceee888 h1:knECISh1Uvxdeu/SWsdv/N0TnxOPCTRqnVenR/oPjIk=
github.com/fire988/utils v0.0.0-20190427233740-735e9ceee888/go.mod h1:Drbg6FOi80g2JNczaDzqbpptguWHJ3GcXILLWbQqLLE=
github.com/lunny/log v0.0.0-20160921050905-7887c61bf0de h1:nyxwRdWHAVxpFcDThedEgQ07DbcRc5xgNObtbTp76fk=
github.com/lunny/log v0.0.0-20160921050905-7887c61bf0de/go.mod h1:3q8WtuPQsoRbatJuy3nvq/hRSvuBJrHHr+ybPPiNvHQ=
github.com/saintfish/chardet v0.0.0-20120816061221-3af4cd4741ca h1:NugYot0LIVPxTvN8n+Kvkn6TrbMyxQiuvKdEwFdR9vI=
github.com/saintfish/chardet v0.0.0-20120816061221-3af4cd4741ca/go.mod h1:uugorj2VCxiV1x+LzaIdVa9b4S4qGAcH6cbhh4qVxOU=
golang.org/x/crypto v0.0.0-20190308221718-c2843e01d9a2/go.mod h1:djNgcEr1/C05ACkg1iLfiJU5Ep61QUkGW8qpdssI0+w=
golang.org/x/crypto v0.0.0-20191117063200-497ca9f6d64f h1:kz4KIr+xcPUsI3VMoqWfPMvtnJ6MGfiVwsWSVzphMO4=
golang.org/x/crypto v0.0.0-20191117063200-497ca9f6d64f/go.mod h1:LzIPMQfyMNhhGPhUkYOs5KpL4U8rLKemX1yGLhDgUto=
golang.org/x/net v0.0.0-20190404232315-eb5bcb51f2a3/go.mod h1:t9HGtf8HONx5eT2rtn7q6eTqICYqUVnKs3thJo3Qplg=
golang.org/x/sys v0.0.0-20190215142949-d0b11bdaac8a/go.mod h1:STP8DvDyc/dI5b8T5hshtkjS+E42TnysNCUPdjciGhY=
golang.org/x/sys v0.0.0-20190412213103-97732733099d/go.mod h1:h1NjWce9XRLGQEsW7wpKNCjG9DtNlClVuFLEZdDNbEs=
golang.org/x/text v0.3.0/go.mod h1:NqM8EUOU14njkJ3fqMW+pc6Ldnwhi/IjpwHt7yyuwOQ=
gopkg.in/check.v1 v0.0.0-20161208181325-20d25e280405/go.mod h1:Co6ibVJAznAaIkqp8huTwlJQCZ016jof/cbN4VW5Yz0=
gopkg.in/yaml.v2 v2.2.5 h1:ymVxjfMaHvXD8RqPRmzHHsB3VvucivSkIAvJFDI5O3c=
gopkg.in/yaml.v2 v2.2.5/go.mod h1:hI93XBmqTisBFMUTm0b8Fm+jr3Dg1NNxqwp+5A1VGuI=
